
Microsoft Visual Studio Solution File, Format Version 12.00
# Visual Studio 14
VisualStudioVersion = 14.0.25420.1
MinimumVisualStudioVersion = 10.0.40219.1
Project("{2150E333-8FDC-42A3-9474-1A3956D46DE8}") = "Plugins", "Plugins", "{3A73F5A7-0335-40D8-BF7C-F20BE5D0BA87}"
EndProject
Project("{2150E333-8FDC-42A3-9474-1A3956D46DE8}") = "Solution Items", "Solution Items", "{FFD651C7-0546-441F-BC8C-D4EE8FD01EA7}"
	ProjectSection(SolutionItems) = preProject
		.gitattributes = .gitattributes
		.gitignore = .gitignore
		LICENSE = LICENSE
		Scripts\post_build.ps1 = Scripts\post_build.ps1
		SolutionAssemblyInfo.cs = SolutionAssemblyInfo.cs
	EndProjectSection
EndProject
Project("{FAE04EC0-301F-11D3-BF4B-00C04F79EFBC}") = "Saber.Plugin.Program", "Plugins\Saber.Plugin.Program\Saber.Plugin.Program.csproj", "{FDB3555B-58EF-4AE6-B5F1-904719637AB4}"
EndProject
Project("{FAE04EC0-301F-11D3-BF4B-00C04F79EFBC}") = "Saber", "Saber\Saber.csproj", "{D5023CE9-E8FA-4472-AC56-27A1E19310EA}"
EndProject
Project("{FAE04EC0-301F-11D3-BF4B-00C04F79EFBC}") = "Saber.Core", "Saber.Core\Saber.Core.csproj", "{B749F0DB-8E75-47DB-9E5E-265D16D0C0D2}"
EndProject
Project("{FAE04EC0-301F-11D3-BF4B-00C04F79EFBC}") = "Saber.Infrastructure", "Saber.Infrastructure\Saber.Infrastructure.csproj", "{4FD29318-A8AB-4D8F-AA47-60BC241B8DA3}"
EndProject
Project("{FAE04EC0-301F-11D3-BF4B-00C04F79EFBC}") = "Saber.Plugin", "Saber.Plugin\Saber.Plugin.csproj", "{8451ECDD-2EA4-4966-BB0A-7BBC40138E80}"
EndProject
Project("{FAE04EC0-301F-11D3-BF4B-00C04F79EFBC}") = "Saber.Plugin.Calculator", "Plugins\Saber.Plugin.Calculator\Saber.Plugin.Calculator.csproj", "{59BD9891-3837-438A-958D-ADC7F91F6F7E}"
EndProject
Project("{FAE04EC0-301F-11D3-BF4B-00C04F79EFBC}") = "Saber.Plugin.Color", "Plugins\Saber.Plugin.Color\Saber.Plugin.Color.csproj", "{F35190AA-4758-4D9E-A193-E3BDF6AD3567}"
EndProject
Project("{FAE04EC0-301F-11D3-BF4B-00C04F79EFBC}") = "Saber.Plugin.ControlPanel", "Plugins\Saber.Plugin.ControlPanel\Saber.Plugin.ControlPanel.csproj", "{1EE20B48-82FB-48A2-8086-675D6DDAB4F0}"
EndProject
Project("{FAE04EC0-301F-11D3-BF4B-00C04F79EFBC}") = "Saber.Plugin.Everything", "Plugins\Saber.Plugin.Everything\Saber.Plugin.Everything.csproj", "{230AE83F-E92E-4E69-8355-426B305DA9C0}"
EndProject
Project("{FAE04EC0-301F-11D3-BF4B-00C04F79EFBC}") = "Saber.Plugin.Folder", "Plugins\Saber.Plugin.Folder\Saber.Plugin.Folder.csproj", "{787B8AA6-CA93-4C84-96FE-DF31110AD1C4}"
EndProject
Project("{FAE04EC0-301F-11D3-BF4B-00C04F79EFBC}") = "Saber.Plugin.PluginIndicator", "Plugins\Saber.Plugin.PluginIndicator\Saber.Plugin.PluginIndicator.csproj", "{FDED22C8-B637-42E8-824A-63B5B6E05A3A}"
EndProject
Project("{FAE04EC0-301F-11D3-BF4B-00C04F79EFBC}") = "Saber.Plugin.Shell", "Plugins\Saber.Plugin.Shell\Saber.Plugin.Shell.csproj", "{C21BFF9C-2C99-4B5F-B7C9-A5E6DDDB37B0}"
EndProject
Project("{FAE04EC0-301F-11D3-BF4B-00C04F79EFBC}") = "Saber.Plugin.Sys", "Plugins\Saber.Plugin.Sys\Saber.Plugin.Sys.csproj", "{0B9DE348-9361-4940-ADB6-F5953BFFCCEC}"
EndProject
Project("{FAE04EC0-301F-11D3-BF4B-00C04F79EFBC}") = "Saber.Plugin.Url", "Plugins\Saber.Plugin.Url\Saber.Plugin.Url.csproj", "{A3DCCBCA-ACC1-421D-B16E-210896234C26}"
EndProject
Project("{FAE04EC0-301F-11D3-BF4B-00C04F79EFBC}") = "Saber.Plugin.WebSearch", "Plugins\Saber.Plugin.WebSearch\Saber.Plugin.WebSearch.csproj", "{403B57F2-1856-4FC7-8A24-36AB346B763E}"
EndProject
Global
	GlobalSection(SolutionConfigurationPlatforms) = preSolution
		Debug|Any CPU = Debug|Any CPU
		Debug|ARM = Debug|ARM
		Debug|x64 = Debug|x64
		Debug|x86 = Debug|x86
		Release|Any CPU = Release|Any CPU
		Release|ARM = Release|ARM
		Release|x64 = Release|x64
		Release|x86 = Release|x86
	EndGlobalSection
	GlobalSection(ProjectConfigurationPlatforms) = postSolution
		{FDB3555B-58EF-4AE6-B5F1-904719637AB4}.Debug|Any CPU.ActiveCfg = Debug|Any CPU
		{FDB3555B-58EF-4AE6-B5F1-904719637AB4}.Debug|Any CPU.Build.0 = Debug|Any CPU
		{FDB3555B-58EF-4AE6-B5F1-904719637AB4}.Debug|ARM.ActiveCfg = Debug|Any CPU
		{FDB3555B-58EF-4AE6-B5F1-904719637AB4}.Debug|ARM.Build.0 = Debug|Any CPU
		{FDB3555B-58EF-4AE6-B5F1-904719637AB4}.Debug|x64.ActiveCfg = Debug|Any CPU
		{FDB3555B-58EF-4AE6-B5F1-904719637AB4}.Debug|x64.Build.0 = Debug|Any CPU
		{FDB3555B-58EF-4AE6-B5F1-904719637AB4}.Debug|x86.ActiveCfg = Debug|Any CPU
		{FDB3555B-58EF-4AE6-B5F1-904719637AB4}.Debug|x86.Build.0 = Debug|Any CPU
		{FDB3555B-58EF-4AE6-B5F1-904719637AB4}.Release|Any CPU.ActiveCfg = Release|Any CPU
		{FDB3555B-58EF-4AE6-B5F1-904719637AB4}.Release|Any CPU.Build.0 = Release|Any CPU
		{FDB3555B-58EF-4AE6-B5F1-904719637AB4}.Release|ARM.ActiveCfg = Release|Any CPU
		{FDB3555B-58EF-4AE6-B5F1-904719637AB4}.Release|ARM.Build.0 = Release|Any CPU
		{FDB3555B-58EF-4AE6-B5F1-904719637AB4}.Release|x64.ActiveCfg = Release|Any CPU
		{FDB3555B-58EF-4AE6-B5F1-904719637AB4}.Release|x64.Build.0 = Release|Any CPU
		{FDB3555B-58EF-4AE6-B5F1-904719637AB4}.Release|x86.ActiveCfg = Release|Any CPU
		{FDB3555B-58EF-4AE6-B5F1-904719637AB4}.Release|x86.Build.0 = Release|Any CPU
		{D5023CE9-E8FA-4472-AC56-27A1E19310EA}.Debug|Any CPU.ActiveCfg = Debug|Any CPU
		{D5023CE9-E8FA-4472-AC56-27A1E19310EA}.Debug|Any CPU.Build.0 = Debug|Any CPU
		{D5023CE9-E8FA-4472-AC56-27A1E19310EA}.Debug|ARM.ActiveCfg = Debug|Any CPU
		{D5023CE9-E8FA-4472-AC56-27A1E19310EA}.Debug|ARM.Build.0 = Debug|Any CPU
		{D5023CE9-E8FA-4472-AC56-27A1E19310EA}.Debug|x64.ActiveCfg = Debug|Any CPU
		{D5023CE9-E8FA-4472-AC56-27A1E19310EA}.Debug|x64.Build.0 = Debug|Any CPU
		{D5023CE9-E8FA-4472-AC56-27A1E19310EA}.Debug|x86.ActiveCfg = Debug|Any CPU
		{D5023CE9-E8FA-4472-AC56-27A1E19310EA}.Debug|x86.Build.0 = Debug|Any CPU
		{D5023CE9-E8FA-4472-AC56-27A1E19310EA}.Release|Any CPU.ActiveCfg = Release|Any CPU
		{D5023CE9-E8FA-4472-AC56-27A1E19310EA}.Release|Any CPU.Build.0 = Release|Any CPU
		{D5023CE9-E8FA-4472-AC56-27A1E19310EA}.Release|ARM.ActiveCfg = Release|Any CPU
		{D5023CE9-E8FA-4472-AC56-27A1E19310EA}.Release|ARM.Build.0 = Release|Any CPU
		{D5023CE9-E8FA-4472-AC56-27A1E19310EA}.Release|x64.ActiveCfg = Release|Any CPU
		{D5023CE9-E8FA-4472-AC56-27A1E19310EA}.Release|x64.Build.0 = Release|Any CPU
		{D5023CE9-E8FA-4472-AC56-27A1E19310EA}.Release|x86.ActiveCfg = Release|Any CPU
		{D5023CE9-E8FA-4472-AC56-27A1E19310EA}.Release|x86.Build.0 = Release|Any CPU
		{B749F0DB-8E75-47DB-9E5E-265D16D0C0D2}.Debug|Any CPU.ActiveCfg = Debug|Any CPU
		{B749F0DB-8E75-47DB-9E5E-265D16D0C0D2}.Debug|Any CPU.Build.0 = Debug|Any CPU
		{B749F0DB-8E75-47DB-9E5E-265D16D0C0D2}.Debug|ARM.ActiveCfg = Debug|Any CPU
		{B749F0DB-8E75-47DB-9E5E-265D16D0C0D2}.Debug|ARM.Build.0 = Debug|Any CPU
		{B749F0DB-8E75-47DB-9E5E-265D16D0C0D2}.Debug|x64.ActiveCfg = Debug|Any CPU
		{B749F0DB-8E75-47DB-9E5E-265D16D0C0D2}.Debug|x64.Build.0 = Debug|Any CPU
		{B749F0DB-8E75-47DB-9E5E-265D16D0C0D2}.Debug|x86.ActiveCfg = Debug|Any CPU
		{B749F0DB-8E75-47DB-9E5E-265D16D0C0D2}.Debug|x86.Build.0 = Debug|Any CPU
		{B749F0DB-8E75-47DB-9E5E-265D16D0C0D2}.Release|Any CPU.ActiveCfg = Release|Any CPU
		{B749F0DB-8E75-47DB-9E5E-265D16D0C0D2}.Release|Any CPU.Build.0 = Release|Any CPU
		{B749F0DB-8E75-47DB-9E5E-265D16D0C0D2}.Release|ARM.ActiveCfg = Release|Any CPU
		{B749F0DB-8E75-47DB-9E5E-265D16D0C0D2}.Release|ARM.Build.0 = Release|Any CPU
		{B749F0DB-8E75-47DB-9E5E-265D16D0C0D2}.Release|x64.ActiveCfg = Release|Any CPU
		{B749F0DB-8E75-47DB-9E5E-265D16D0C0D2}.Release|x64.Build.0 = Release|Any CPU
		{B749F0DB-8E75-47DB-9E5E-265D16D0C0D2}.Release|x86.ActiveCfg = Release|Any CPU
		{B749F0DB-8E75-47DB-9E5E-265D16D0C0D2}.Release|x86.Build.0 = Release|Any CPU
		{4FD29318-A8AB-4D8F-AA47-60BC241B8DA3}.Debug|Any CPU.ActiveCfg = Debug|Any CPU
		{4FD29318-A8AB-4D8F-AA47-60BC241B8DA3}.Debug|Any CPU.Build.0 = Debug|Any CPU
		{4FD29318-A8AB-4D8F-AA47-60BC241B8DA3}.Debug|ARM.ActiveCfg = Debug|Any CPU
		{4FD29318-A8AB-4D8F-AA47-60BC241B8DA3}.Debug|ARM.Build.0 = Debug|Any CPU
		{4FD29318-A8AB-4D8F-AA47-60BC241B8DA3}.Debug|x64.ActiveCfg = Debug|Any CPU
		{4FD29318-A8AB-4D8F-AA47-60BC241B8DA3}.Debug|x64.Build.0 = Debug|Any CPU
		{4FD29318-A8AB-4D8F-AA47-60BC241B8DA3}.Debug|x86.ActiveCfg = Debug|Any CPU
		{4FD29318-A8AB-4D8F-AA47-60BC241B8DA3}.Debug|x86.Build.0 = Debug|Any CPU
		{4FD29318-A8AB-4D8F-AA47-60BC241B8DA3}.Release|Any CPU.ActiveCfg = Release|Any CPU
		{4FD29318-A8AB-4D8F-AA47-60BC241B8DA3}.Release|Any CPU.Build.0 = Release|Any CPU
		{4FD29318-A8AB-4D8F-AA47-60BC241B8DA3}.Release|ARM.ActiveCfg = Release|Any CPU
		{4FD29318-A8AB-4D8F-AA47-60BC241B8DA3}.Release|ARM.Build.0 = Release|Any CPU
		{4FD29318-A8AB-4D8F-AA47-60BC241B8DA3}.Release|x64.ActiveCfg = Release|Any CPU
		{4FD29318-A8AB-4D8F-AA47-60BC241B8DA3}.Release|x64.Build.0 = Release|Any CPU
		{4FD29318-A8AB-4D8F-AA47-60BC241B8DA3}.Release|x86.ActiveCfg = Release|Any CPU
		{4FD29318-A8AB-4D8F-AA47-60BC241B8DA3}.Release|x86.Build.0 = Release|Any CPU
		{8451ECDD-2EA4-4966-BB0A-7BBC40138E80}.Debug|Any CPU.ActiveCfg = Debug|Any CPU
		{8451ECDD-2EA4-4966-BB0A-7BBC40138E80}.Debug|Any CPU.Build.0 = Debug|Any CPU
		{8451ECDD-2EA4-4966-BB0A-7BBC40138E80}.Debug|ARM.ActiveCfg = Debug|Any CPU
		{8451ECDD-2EA4-4966-BB0A-7BBC40138E80}.Debug|ARM.Build.0 = Debug|Any CPU
		{8451ECDD-2EA4-4966-BB0A-7BBC40138E80}.Debug|x64.ActiveCfg = Debug|Any CPU
		{8451ECDD-2EA4-4966-BB0A-7BBC40138E80}.Debug|x64.Build.0 = Debug|Any CPU
		{8451ECDD-2EA4-4966-BB0A-7BBC40138E80}.Debug|x86.ActiveCfg = Debug|Any CPU
		{8451ECDD-2EA4-4966-BB0A-7BBC40138E80}.Debug|x86.Build.0 = Debug|Any CPU
		{8451ECDD-2EA4-4966-BB0A-7BBC40138E80}.Release|Any CPU.ActiveCfg = Release|Any CPU
		{8451ECDD-2EA4-4966-BB0A-7BBC40138E80}.Release|Any CPU.Build.0 = Release|Any CPU
		{8451ECDD-2EA4-4966-BB0A-7BBC40138E80}.Release|ARM.ActiveCfg = Release|Any CPU
		{8451ECDD-2EA4-4966-BB0A-7BBC40138E80}.Release|ARM.Build.0 = Release|Any CPU
		{8451ECDD-2EA4-4966-BB0A-7BBC40138E80}.Release|x64.ActiveCfg = Release|Any CPU
		{8451ECDD-2EA4-4966-BB0A-7BBC40138E80}.Release|x64.Build.0 = Release|Any CPU
		{8451ECDD-2EA4-4966-BB0A-7BBC40138E80}.Release|x86.ActiveCfg = Release|Any CPU
		{8451ECDD-2EA4-4966-BB0A-7BBC40138E80}.Release|x86.Build.0 = Release|Any CPU
		{59BD9891-3837-438A-958D-ADC7F91F6F7E}.Debug|Any CPU.ActiveCfg = Debug|Any CPU
		{59BD9891-3837-438A-958D-ADC7F91F6F7E}.Debug|Any CPU.Build.0 = Debug|Any CPU
		{59BD9891-3837-438A-958D-ADC7F91F6F7E}.Debug|ARM.ActiveCfg = Debug|Any CPU
		{59BD9891-3837-438A-958D-ADC7F91F6F7E}.Debug|ARM.Build.0 = Debug|Any CPU
		{59BD9891-3837-438A-958D-ADC7F91F6F7E}.Debug|x64.ActiveCfg = Debug|Any CPU
		{59BD9891-3837-438A-958D-ADC7F91F6F7E}.Debug|x64.Build.0 = Debug|Any CPU
		{59BD9891-3837-438A-958D-ADC7F91F6F7E}.Debug|x86.ActiveCfg = Debug|Any CPU
		{59BD9891-3837-438A-958D-ADC7F91F6F7E}.Debug|x86.Build.0 = Debug|Any CPU
		{59BD9891-3837-438A-958D-ADC7F91F6F7E}.Release|Any CPU.ActiveCfg = Release|Any CPU
		{59BD9891-3837-438A-958D-ADC7F91F6F7E}.Release|Any CPU.Build.0 = Release|Any CPU
		{59BD9891-3837-438A-958D-ADC7F91F6F7E}.Release|ARM.ActiveCfg = Release|Any CPU
		{59BD9891-3837-438A-958D-ADC7F91F6F7E}.Release|ARM.Build.0 = Release|Any CPU
		{59BD9891-3837-438A-958D-ADC7F91F6F7E}.Release|x64.ActiveCfg = Release|Any CPU
		{59BD9891-3837-438A-958D-ADC7F91F6F7E}.Release|x64.Build.0 = Release|Any CPU
		{59BD9891-3837-438A-958D-ADC7F91F6F7E}.Release|x86.ActiveCfg = Release|Any CPU
		{59BD9891-3837-438A-958D-ADC7F91F6F7E}.Release|x86.Build.0 = Release|Any CPU
		{F35190AA-4758-4D9E-A193-E3BDF6AD3567}.Debug|Any CPU.ActiveCfg = Debug|Any CPU
		{F35190AA-4758-4D9E-A193-E3BDF6AD3567}.Debug|Any CPU.Build.0 = Debug|Any CPU
		{F35190AA-4758-4D9E-A193-E3BDF6AD3567}.Debug|ARM.ActiveCfg = Debug|Any CPU
		{F35190AA-4758-4D9E-A193-E3BDF6AD3567}.Debug|ARM.Build.0 = Debug|Any CPU
		{F35190AA-4758-4D9E-A193-E3BDF6AD3567}.Debug|x64.ActiveCfg = Debug|Any CPU
		{F35190AA-4758-4D9E-A193-E3BDF6AD3567}.Debug|x64.Build.0 = Debug|Any CPU
		{F35190AA-4758-4D9E-A193-E3BDF6AD3567}.Debug|x86.ActiveCfg = Debug|Any CPU
		{F35190AA-4758-4D9E-A193-E3BDF6AD3567}.Debug|x86.Build.0 = Debug|Any CPU
		{F35190AA-4758-4D9E-A193-E3BDF6AD3567}.Release|Any CPU.ActiveCfg = Release|Any CPU
		{F35190AA-4758-4D9E-A193-E3BDF6AD3567}.Release|Any CPU.Build.0 = Release|Any CPU
		{F35190AA-4758-4D9E-A193-E3BDF6AD3567}.Release|ARM.ActiveCfg = Release|Any CPU
		{F35190AA-4758-4D9E-A193-E3BDF6AD3567}.Release|ARM.Build.0 = Release|Any CPU
		{F35190AA-4758-4D9E-A193-E3BDF6AD3567}.Release|x64.ActiveCfg = Release|Any CPU
		{F35190AA-4758-4D9E-A193-E3BDF6AD3567}.Release|x64.Build.0 = Release|Any CPU
		{F35190AA-4758-4D9E-A193-E3BDF6AD3567}.Release|x86.ActiveCfg = Release|Any CPU
		{F35190AA-4758-4D9E-A193-E3BDF6AD3567}.Release|x86.Build.0 = Release|Any CPU
		{1EE20B48-82FB-48A2-8086-675D6DDAB4F0}.Debug|Any CPU.ActiveCfg = Debug|Any CPU
		{1EE20B48-82FB-48A2-8086-675D6DDAB4F0}.Debug|Any CPU.Build.0 = Debug|Any CPU
		{1EE20B48-82FB-48A2-8086-675D6DDAB4F0}.Debug|ARM.ActiveCfg = Debug|Any CPU
		{1EE20B48-82FB-48A2-8086-675D6DDAB4F0}.Debug|ARM.Build.0 = Debug|Any CPU
		{1EE20B48-82FB-48A2-8086-675D6DDAB4F0}.Debug|x64.ActiveCfg = Debug|Any CPU
		{1EE20B48-82FB-48A2-8086-675D6DDAB4F0}.Debug|x64.Build.0 = Debug|Any CPU
		{1EE20B48-82FB-48A2-8086-675D6DDAB4F0}.Debug|x86.ActiveCfg = Debug|Any CPU
		{1EE20B48-82FB-48A2-8086-675D6DDAB4F0}.Debug|x86.Build.0 = Debug|Any CPU
		{1EE20B48-82FB-48A2-8086-675D6DDAB4F0}.Release|Any CPU.ActiveCfg = Release|Any CPU
		{1EE20B48-82FB-48A2-8086-675D6DDAB4F0}.Release|Any CPU.Build.0 = Release|Any CPU
		{1EE20B48-82FB-48A2-8086-675D6DDAB4F0}.Release|ARM.ActiveCfg = Release|Any CPU
		{1EE20B48-82FB-48A2-8086-675D6DDAB4F0}.Release|ARM.Build.0 = Release|Any CPU
		{1EE20B48-82FB-48A2-8086-675D6DDAB4F0}.Release|x64.ActiveCfg = Release|Any CPU
		{1EE20B48-82FB-48A2-8086-675D6DDAB4F0}.Release|x64.Build.0 = Release|Any CPU
		{1EE20B48-82FB-48A2-8086-675D6DDAB4F0}.Release|x86.ActiveCfg = Release|Any CPU
		{1EE20B48-82FB-48A2-8086-675D6DDAB4F0}.Release|x86.Build.0 = Release|Any CPU
		{230AE83F-E92E-4E69-8355-426B305DA9C0}.Debug|Any CPU.ActiveCfg = Debug|Any CPU
		{230AE83F-E92E-4E69-8355-426B305DA9C0}.Debug|Any CPU.Build.0 = Debug|Any CPU
		{230AE83F-E92E-4E69-8355-426B305DA9C0}.Debug|ARM.ActiveCfg = Debug|Any CPU
		{230AE83F-E92E-4E69-8355-426B305DA9C0}.Debug|ARM.Build.0 = Debug|Any CPU
		{230AE83F-E92E-4E69-8355-426B305DA9C0}.Debug|x64.ActiveCfg = Debug|Any CPU
		{230AE83F-E92E-4E69-8355-426B305DA9C0}.Debug|x64.Build.0 = Debug|Any CPU
		{230AE83F-E92E-4E69-8355-426B305DA9C0}.Debug|x86.ActiveCfg = Debug|Any CPU
		{230AE83F-E92E-4E69-8355-426B305DA9C0}.Debug|x86.Build.0 = Debug|Any CPU
		{230AE83F-E92E-4E69-8355-426B305DA9C0}.Release|Any CPU.ActiveCfg = Release|Any CPU
		{230AE83F-E92E-4E69-8355-426B305DA9C0}.Release|Any CPU.Build.0 = Release|Any CPU
		{230AE83F-E92E-4E69-8355-426B305DA9C0}.Release|ARM.ActiveCfg = Release|Any CPU
		{230AE83F-E92E-4E69-8355-426B305DA9C0}.Release|ARM.Build.0 = Release|Any CPU
		{230AE83F-E92E-4E69-8355-426B305DA9C0}.Release|x64.ActiveCfg = Release|Any CPU
		{230AE83F-E92E-4E69-8355-426B305DA9C0}.Release|x64.Build.0 = Release|Any CPU
		{230AE83F-E92E-4E69-8355-426B305DA9C0}.Release|x86.ActiveCfg = Release|Any CPU
		{230AE83F-E92E-4E69-8355-426B305DA9C0}.Release|x86.Build.0 = Release|Any CPU
		{787B8AA6-CA93-4C84-96FE-DF31110AD1C4}.Debug|Any CPU.ActiveCfg = Debug|Any CPU
		{787B8AA6-CA93-4C84-96FE-DF31110AD1C4}.Debug|Any CPU.Build.0 = Debug|Any CPU
		{787B8AA6-CA93-4C84-96FE-DF31110AD1C4}.Debug|ARM.ActiveCfg = Debug|Any CPU
		{787B8AA6-CA93-4C84-96FE-DF31110AD1C4}.Debug|ARM.Build.0 = Debug|Any CPU
		{787B8AA6-CA93-4C84-96FE-DF31110AD1C4}.Debug|x64.ActiveCfg = Debug|Any CPU
		{787B8AA6-CA93-4C84-96FE-DF31110AD1C4}.Debug|x64.Build.0 = Debug|Any CPU
		{787B8AA6-CA93-4C84-96FE-DF31110AD1C4}.Debug|x86.ActiveCfg = Debug|Any CPU
		{787B8AA6-CA93-4C84-96FE-DF31110AD1C4}.Debug|x86.Build.0 = Debug|Any CPU
		{787B8AA6-CA93-4C84-96FE-DF31110AD1C4}.Release|Any CPU.ActiveCfg = Release|Any CPU
		{787B8AA6-CA93-4C84-96FE-DF31110AD1C4}.Release|Any CPU.Build.0 = Release|Any CPU
		{787B8AA6-CA93-4C84-96FE-DF31110AD1C4}.Release|ARM.ActiveCfg = Release|Any CPU
		{787B8AA6-CA93-4C84-96FE-DF31110AD1C4}.Release|ARM.Build.0 = Release|Any CPU
		{787B8AA6-CA93-4C84-96FE-DF31110AD1C4}.Release|x64.ActiveCfg = Release|Any CPU
		{787B8AA6-CA93-4C84-96FE-DF31110AD1C4}.Release|x64.Build.0 = Release|Any CPU
		{787B8AA6-CA93-4C84-96FE-DF31110AD1C4}.Release|x86.ActiveCfg = Release|Any CPU
		{787B8AA6-CA93-4C84-96FE-DF31110AD1C4}.Release|x86.Build.0 = Release|Any CPU
		{FDED22C8-B637-42E8-824A-63B5B6E05A3A}.Debug|Any CPU.ActiveCfg = Debug|Any CPU
		{FDED22C8-B637-42E8-824A-63B5B6E05A3A}.Debug|Any CPU.Build.0 = Debug|Any CPU
		{FDED22C8-B637-42E8-824A-63B5B6E05A3A}.Debug|ARM.ActiveCfg = Debug|Any CPU
		{FDED22C8-B637-42E8-824A-63B5B6E05A3A}.Debug|ARM.Build.0 = Debug|Any CPU
		{FDED22C8-B637-42E8-824A-63B5B6E05A3A}.Debug|x64.ActiveCfg = Debug|Any CPU
		{FDED22C8-B637-42E8-824A-63B5B6E05A3A}.Debug|x64.Build.0 = Debug|Any CPU
		{FDED22C8-B637-42E8-824A-63B5B6E05A3A}.Debug|x86.ActiveCfg = Debug|Any CPU
		{FDED22C8-B637-42E8-824A-63B5B6E05A3A}.Debug|x86.Build.0 = Debug|Any CPU
		{FDED22C8-B637-42E8-824A-63B5B6E05A3A}.Release|Any CPU.ActiveCfg = Release|Any CPU
		{FDED22C8-B637-42E8-824A-63B5B6E05A3A}.Release|Any CPU.Build.0 = Release|Any CPU
		{FDED22C8-B637-42E8-824A-63B5B6E05A3A}.Release|ARM.ActiveCfg = Release|Any CPU
		{FDED22C8-B637-42E8-824A-63B5B6E05A3A}.Release|ARM.Build.0 = Release|Any CPU
		{FDED22C8-B637-42E8-824A-63B5B6E05A3A}.Release|x64.ActiveCfg = Release|Any CPU
		{FDED22C8-B637-42E8-824A-63B5B6E05A3A}.Release|x64.Build.0 = Release|Any CPU
		{FDED22C8-B637-42E8-824A-63B5B6E05A3A}.Release|x86.ActiveCfg = Release|Any CPU
		{FDED22C8-B637-42E8-824A-63B5B6E05A3A}.Release|x86.Build.0 = Release|Any CPU
		{C21BFF9C-2C99-4B5F-B7C9-A5E6DDDB37B0}.Debug|Any CPU.ActiveCfg = Debug|Any CPU
		{C21BFF9C-2C99-4B5F-B7C9-A5E6DDDB37B0}.Debug|Any CPU.Build.0 = Debug|Any CPU
		{C21BFF9C-2C99-4B5F-B7C9-A5E6DDDB37B0}.Debug|ARM.ActiveCfg = Debug|Any CPU
		{C21BFF9C-2C99-4B5F-B7C9-A5E6DDDB37B0}.Debug|ARM.Build.0 = Debug|Any CPU
		{C21BFF9C-2C99-4B5F-B7C9-A5E6DDDB37B0}.Debug|x64.ActiveCfg = Debug|Any CPU
		{C21BFF9C-2C99-4B5F-B7C9-A5E6DDDB37B0}.Debug|x64.Build.0 = Debug|Any CPU
		{C21BFF9C-2C99-4B5F-B7C9-A5E6DDDB37B0}.Debug|x86.ActiveCfg = Debug|Any CPU
		{C21BFF9C-2C99-4B5F-B7C9-A5E6DDDB37B0}.Debug|x86.Build.0 = Debug|Any CPU
		{C21BFF9C-2C99-4B5F-B7C9-A5E6DDDB37B0}.Release|Any CPU.ActiveCfg = Release|Any CPU
		{C21BFF9C-2C99-4B5F-B7C9-A5E6DDDB37B0}.Release|Any CPU.Build.0 = Release|Any CPU
		{C21BFF9C-2C99-4B5F-B7C9-A5E6DDDB37B0}.Release|ARM.ActiveCfg = Release|Any CPU
		{C21BFF9C-2C99-4B5F-B7C9-A5E6DDDB37B0}.Release|ARM.Build.0 = Release|Any CPU
		{C21BFF9C-2C99-4B5F-B7C9-A5E6DDDB37B0}.Release|x64.ActiveCfg = Release|Any CPU
		{C21BFF9C-2C99-4B5F-B7C9-A5E6DDDB37B0}.Release|x64.Build.0 = Release|Any CPU
		{C21BFF9C-2C99-4B5F-B7C9-A5E6DDDB37B0}.Release|x86.ActiveCfg = Release|Any CPU
		{C21BFF9C-2C99-4B5F-B7C9-A5E6DDDB37B0}.Release|x86.Build.0 = Release|Any CPU
		{0B9DE348-9361-4940-ADB6-F5953BFFCCEC}.Debug|Any CPU.ActiveCfg = Debug|Any CPU
		{0B9DE348-9361-4940-ADB6-F5953BFFCCEC}.Debug|Any CPU.Build.0 = Debug|Any CPU
		{0B9DE348-9361-4940-ADB6-F5953BFFCCEC}.Debug|ARM.ActiveCfg = Debug|Any CPU
		{0B9DE348-9361-4940-ADB6-F5953BFFCCEC}.Debug|ARM.Build.0 = Debug|Any CPU
		{0B9DE348-9361-4940-ADB6-F5953BFFCCEC}.Debug|x64.ActiveCfg = Debug|Any CPU
		{0B9DE348-9361-4940-ADB6-F5953BFFCCEC}.Debug|x64.Build.0 = Debug|Any CPU
		{0B9DE348-9361-4940-ADB6-F5953BFFCCEC}.Debug|x86.ActiveCfg = Debug|Any CPU
		{0B9DE348-9361-4940-ADB6-F5953BFFCCEC}.Debug|x86.Build.0 = Debug|Any CPU
		{0B9DE348-9361-4940-ADB6-F5953BFFCCEC}.Release|Any CPU.ActiveCfg = Release|Any CPU
		{0B9DE348-9361-4940-ADB6-F5953BFFCCEC}.Release|Any CPU.Build.0 = Release|Any CPU
		{0B9DE348-9361-4940-ADB6-F5953BFFCCEC}.Release|ARM.ActiveCfg = Release|Any CPU
		{0B9DE348-9361-4940-ADB6-F5953BFFCCEC}.Release|ARM.Build.0 = Release|Any CPU
		{0B9DE348-9361-4940-ADB6-F5953BFFCCEC}.Release|x64.ActiveCfg = Release|Any CPU
		{0B9DE348-9361-4940-ADB6-F5953BFFCCEC}.Release|x64.Build.0 = Release|Any CPU
		{0B9DE348-9361-4940-ADB6-F5953BFFCCEC}.Release|x86.ActiveCfg = Release|Any CPU
		{0B9DE348-9361-4940-ADB6-F5953BFFCCEC}.Release|x86.Build.0 = Release|Any CPU
		{A3DCCBCA-ACC1-421D-B16E-210896234C26}.Debug|Any CPU.ActiveCfg = Debug|Any CPU
		{A3DCCBCA-ACC1-421D-B16E-210896234C26}.Debug|Any CPU.Build.0 = Debug|Any CPU
		{A3DCCBCA-ACC1-421D-B16E-210896234C26}.Debug|ARM.ActiveCfg = Debug|Any CPU
		{A3DCCBCA-ACC1-421D-B16E-210896234C26}.Debug|ARM.Build.0 = Debug|Any CPU
		{A3DCCBCA-ACC1-421D-B16E-210896234C26}.Debug|x64.ActiveCfg = Debug|Any CPU
		{A3DCCBCA-ACC1-421D-B16E-210896234C26}.Debug|x64.Build.0 = Debug|Any CPU
		{A3DCCBCA-ACC1-421D-B16E-210896234C26}.Debug|x86.ActiveCfg = Debug|Any CPU
		{A3DCCBCA-ACC1-421D-B16E-210896234C26}.Debug|x86.Build.0 = Debug|Any CPU
		{A3DCCBCA-ACC1-421D-B16E-210896234C26}.Release|Any CPU.ActiveCfg = Release|Any CPU
		{A3DCCBCA-ACC1-421D-B16E-210896234C26}.Release|Any CPU.Build.0 = Release|Any CPU
		{A3DCCBCA-ACC1-421D-B16E-210896234C26}.Release|ARM.ActiveCfg = Release|Any CPU
		{A3DCCBCA-ACC1-421D-B16E-210896234C26}.Release|ARM.Build.0 = Release|Any CPU
		{A3DCCBCA-ACC1-421D-B16E-210896234C26}.Release|x64.ActiveCfg = Release|Any CPU
		{A3DCCBCA-ACC1-421D-B16E-210896234C26}.Release|x64.Build.0 = Release|Any CPU
		{A3DCCBCA-ACC1-421D-B16E-210896234C26}.Release|x86.ActiveCfg = Release|Any CPU
		{A3DCCBCA-ACC1-421D-B16E-210896234C26}.Release|x86.Build.0 = Release|Any CPU
		{403B57F2-1856-4FC7-8A24-36AB346B763E}.Debug|Any CPU.ActiveCfg = Debug|Any CPU
		{403B57F2-1856-4FC7-8A24-36AB346B763E}.Debug|Any CPU.Build.0 = Debug|Any CPU
		{403B57F2-1856-4FC7-8A24-36AB346B763E}.Debug|ARM.ActiveCfg = Debug|Any CPU
		{403B57F2-1856-4FC7-8A24-36AB346B763E}.Debug|ARM.Build.0 = Debug|Any CPU
		{403B57F2-1856-4FC7-8A24-36AB346B763E}.Debug|x64.ActiveCfg = Debug|Any CPU
		{403B57F2-1856-4FC7-8A24-36AB346B763E}.Debug|x64.Build.0 = Debug|Any CPU
		{403B57F2-1856-4FC7-8A24-36AB346B763E}.Debug|x86.ActiveCfg = Debug|Any CPU
		{403B57F2-1856-4FC7-8A24-36AB346B763E}.Debug|x86.Build.0 = Debug|Any CPU
		{403B57F2-1856-4FC7-8A24-36AB346B763E}.Release|Any CPU.ActiveCfg = Release|Any CPU
		{403B57F2-1856-4FC7-8A24-36AB346B763E}.Release|Any CPU.Build.0 = Release|Any CPU
		{403B57F2-1856-4FC7-8A24-36AB346B763E}.Release|ARM.ActiveCfg = Release|Any CPU
		{403B57F2-1856-4FC7-8A24-36AB346B763E}.Release|ARM.Build.0 = Release|Any CPU
		{403B57F2-1856-4FC7-8A24-36AB346B763E}.Release|x64.ActiveCfg = Release|Any CPU
		{403B57F2-1856-4FC7-8A24-36AB346B763E}.Release|x64.Build.0 = Release|Any CPU
		{403B57F2-1856-4FC7-8A24-36AB346B763E}.Release|x86.ActiveCfg = Release|Any CPU
		{403B57F2-1856-4FC7-8A24-36AB346B763E}.Release|x86.Build.0 = Release|Any CPU
	EndGlobalSection
	GlobalSection(SolutionProperties) = preSolution
		HideSolutionNode = FALSE
	EndGlobalSection
	GlobalSection(NestedProjects) = preSolution
		{FDB3555B-58EF-4AE6-B5F1-904719637AB4} = {3A73F5A7-0335-40D8-BF7C-F20BE5D0BA87}
		{59BD9891-3837-438A-958D-ADC7F91F6F7E} = {3A73F5A7-0335-40D8-BF7C-F20BE5D0BA87}
		{F35190AA-4758-4D9E-A193-E3BDF6AD3567} = {3A73F5A7-0335-40D8-BF7C-F20BE5D0BA87}
		{1EE20B48-82FB-48A2-8086-675D6DDAB4F0} = {3A73F5A7-0335-40D8-BF7C-F20BE5D0BA87}
		{230AE83F-E92E-4E69-8355-426B305DA9C0} = {3A73F5A7-0335-40D8-BF7C-F20BE5D0BA87}
		{787B8AA6-CA93-4C84-96FE-DF31110AD1C4} = {3A73F5A7-0335-40D8-BF7C-F20BE5D0BA87}
		{FDED22C8-B637-42E8-824A-63B5B6E05A3A} = {3A73F5A7-0335-40D8-BF7C-F20BE5D0BA87}
		{C21BFF9C-2C99-4B5F-B7C9-A5E6DDDB37B0} = {3A73F5A7-0335-40D8-BF7C-F20BE5D0BA87}
		{0B9DE348-9361-4940-ADB6-F5953BFFCCEC} = {3A73F5A7-0335-40D8-BF7C-F20BE5D0BA87}
		{A3DCCBCA-ACC1-421D-B16E-210896234C26} = {3A73F5A7-0335-40D8-BF7C-F20BE5D0BA87}
		{403B57F2-1856-4FC7-8A24-36AB346B763E} = {3A73F5A7-0335-40D8-BF7C-F20BE5D0BA87}
	EndGlobalSection
EndGlobal
